
Microsoft Visual Studio Solution File, Format Version 12.00
# Visual Studio Version 17
VisualStudioVersion = 17.6.33829.357
MinimumVisualStudioVersion = 10.0.40219.1
Project("{9A19103F-16F7-4668-BE54-9A1E7A4F7556}") = "EJDLV.Entidades", "ElJuegoDeLaVida\EJDLV.Entidades.csproj", "{DD2EF613-F653-4324-8356-70C32740DF63}"
	ProjectSection(ProjectDependencies) = postProject
		{635A1365-00C2-41CD-9DBF-95EEE4D98840} = {635A1365-00C2-41CD-9DBF-95EEE4D98840}
		{8C24CDF4-8062-4AA0-826D-428A4014C3D1} = {8C24CDF4-8062-4AA0-826D-428A4014C3D1}
	EndProjectSection
EndProject
Project("{2150E333-8FDC-42A3-9474-1A3956D46DE8}") = "2. Reglas de Negocio de la Aplicacion", "2. Reglas de Negocio de la Aplicacion", "{0D272289-09E1-4F99-95D5-876E4FC9A87A}"
EndProject
Project("{2150E333-8FDC-42A3-9474-1A3956D46DE8}") = "1. Reglas de Negocio Empresariales", "1. Reglas de Negocio Empresariales", "{5F6530F7-9D38-46D0-82CB-3102A514AD45}"
EndProject
Project("{2150E333-8FDC-42A3-9474-1A3956D46DE8}") = "4. Estructura y Controladores", "4. Estructura y Controladores", "{7176D59B-E149-4466-8FC9-D4C09B27929E}"
EndProject
Project("{2150E333-8FDC-42A3-9474-1A3956D46DE8}") = "3. Adaptadores de Interfaz", "3. Adaptadores de Interfaz", "{555FF69A-388D-4FA8-B295-8B85193BCC95}"
EndProject
Project("{2150E333-8FDC-42A3-9474-1A3956D46DE8}") = "Gateways", "Gateways", "{1F34177A-04D1-4E46-88DF-C1068F9B24D7}"
EndProject
Project("{2150E333-8FDC-42A3-9474-1A3956D46DE8}") = "Controllers", "Controllers", "{A203580A-E202-4B3D-9DBB-80F650A5AEE6}"
EndProject
Project("{2150E333-8FDC-42A3-9474-1A3956D46DE8}") = "Presenters", "Presenters", "{F4D98D2B-4180-4DF5-829D-6ED3A380BE9A}"
EndProject
Project("{9A19103F-16F7-4668-BE54-9A1E7A4F7556}") = "Validaciones", "Validaciones\Validaciones.csproj", "{635A1365-00C2-41CD-9DBF-95EEE4D98840}"
EndProject
Project("{9A19103F-16F7-4668-BE54-9A1E7A4F7556}") = "EJDLV.GUI", "EJDLV.GUI\EJDLV.GUI.csproj", "{8C24CDF4-8062-4AA0-826D-428A4014C3D1}"
EndProject
Project("{2150E333-8FDC-42A3-9474-1A3956D46DE8}") = "Solution Items", "Solution Items", "{49F4043F-3FED-4749-9FF4-58DCCA5917C9}"
	ProjectSection(SolutionItems) = preProject
		Descripcion.txt = Descripcion.txt
	EndProjectSection
EndProject
Project("{9A19103F-16F7-4668-BE54-9A1E7A4F7556}") = "CasosDeUso", "CasosDeUso\CasosDeUso.csproj", "{0E1EA3E9-8345-489D-B402-702705F551F6}"
EndProject
Project("{9A19103F-16F7-4668-BE54-9A1E7A4F7556}") = "Servicios", "Servicios\Servicios.csproj", "{61ABB6E2-D9C7-4C69-8996-54348E23FD62}"
EndProject
Project("{FAE04EC0-301F-11D3-BF4B-00C04F79EFBC}") = "PedazosDeJuego", "PedazosDeJuego\PedazosDeJuego.csproj", "{CD670DD4-CA18-4B93-AF04-61C3B33CB34B}"
EndProject
Global
	GlobalSection(SolutionConfigurationPlatforms) = preSolution
		Debug|Any CPU = Debug|Any CPU
		Release|Any CPU = Release|Any CPU
	EndGlobalSection
	GlobalSection(ProjectConfigurationPlatforms) = postSolution
		{DD2EF613-F653-4324-8356-70C32740DF63}.Debug|Any CPU.ActiveCfg = Debug|Any CPU
		{DD2EF613-F653-4324-8356-70C32740DF63}.Debug|Any CPU.Build.0 = Debug|Any CPU
		{DD2EF613-F653-4324-8356-70C32740DF63}.Release|Any CPU.ActiveCfg = Release|Any CPU
		{DD2EF613-F653-4324-8356-70C32740DF63}.Release|Any CPU.Build.0 = Release|Any CPU
		{635A1365-00C2-41CD-9DBF-95EEE4D98840}.Debug|Any CPU.ActiveCfg = Debug|Any CPU
		{635A1365-00C2-41CD-9DBF-95EEE4D98840}.Debug|Any CPU.Build.0 = Debug|Any CPU
		{635A1365-00C2-41CD-9DBF-95EEE4D98840}.Release|Any CPU.ActiveCfg = Release|Any CPU
		{635A1365-00C2-41CD-9DBF-95EEE4D98840}.Release|Any CPU.Build.0 = Release|Any CPU
		{8C24CDF4-8062-4AA0-826D-428A4014C3D1}.Debug|Any CPU.ActiveCfg = Debug|Any CPU
		{8C24CDF4-8062-4AA0-826D-428A4014C3D1}.Debug|Any CPU.Build.0 = Debug|Any CPU
		{8C24CDF4-8062-4AA0-826D-428A4014C3D1}.Release|Any CPU.ActiveCfg = Release|Any CPU
		{8C24CDF4-8062-4AA0-826D-428A4014C3D1}.Release|Any CPU.Build.0 = Release|Any CPU
		{0E1EA3E9-8345-489D-B402-702705F551F6}.Debug|Any CPU.ActiveCfg = Debug|Any CPU
		{0E1EA3E9-8345-489D-B402-702705F551F6}.Debug|Any CPU.Build.0 = Debug|Any CPU
		{0E1EA3E9-8345-489D-B402-702705F551F6}.Release|Any CPU.ActiveCfg = Release|Any CPU
		{0E1EA3E9-8345-489D-B402-702705F551F6}.Release|Any CPU.Build.0 = Release|Any CPU
		{61ABB6E2-D9C7-4C69-8996-54348E23FD62}.Debug|Any CPU.ActiveCfg = Debug|Any CPU
		{61ABB6E2-D9C7-4C69-8996-54348E23FD62}.Debug|Any CPU.Build.0 = Debug|Any CPU
		{61ABB6E2-D9C7-4C69-8996-54348E23FD62}.Release|Any CPU.ActiveCfg = Release|Any CPU
		{61ABB6E2-D9C7-4C69-8996-54348E23FD62}.Release|Any CPU.Build.0 = Release|Any CPU
		{CD670DD4-CA18-4B93-AF04-61C3B33CB34B}.Debug|Any CPU.ActiveCfg = Debug|Any CPU
		{CD670DD4-CA18-4B93-AF04-61C3B33CB34B}.Debug|Any CPU.Build.0 = Debug|Any CPU
		{CD670DD4-CA18-4B93-AF04-61C3B33CB34B}.Release|Any CPU.ActiveCfg = Release|Any CPU
		{CD670DD4-CA18-4B93-AF04-61C3B33CB34B}.Release|Any CPU.Build.0 = Release|Any CPU
	EndGlobalSection
	GlobalSection(SolutionProperties) = preSolution
		HideSolutionNode = FALSE
	EndGlobalSection
	GlobalSection(NestedProjects) = preSolution
		{DD2EF613-F653-4324-8356-70C32740DF63} = {5F6530F7-9D38-46D0-82CB-3102A514AD45}
		{1F34177A-04D1-4E46-88DF-C1068F9B24D7} = {555FF69A-388D-4FA8-B295-8B85193BCC95}
		{A203580A-E202-4B3D-9DBB-80F650A5AEE6} = {555FF69A-388D-4FA8-B295-8B85193BCC95}
		{F4D98D2B-4180-4DF5-829D-6ED3A380BE9A} = {555FF69A-388D-4FA8-B295-8B85193BCC95}
		{635A1365-00C2-41CD-9DBF-95EEE4D98840} = {5F6530F7-9D38-46D0-82CB-3102A514AD45}
		{8C24CDF4-8062-4AA0-826D-428A4014C3D1} = {F4D98D2B-4180-4DF5-829D-6ED3A380BE9A}
		{0E1EA3E9-8345-489D-B402-702705F551F6} = {0D272289-09E1-4F99-95D5-876E4FC9A87A}
		{61ABB6E2-D9C7-4C69-8996-54348E23FD62} = {0D272289-09E1-4F99-95D5-876E4FC9A87A}
	EndGlobalSection
	GlobalSection(ExtensibilityGlobals) = postSolution
		SolutionGuid = {98F458F8-375F-4ED8-A45B-1E7F8BCAE199}
	EndGlobalSection
EndGlobal
